
Microsoft Visual Studio Solution File, Format Version 12.00
# Visual Studio 15
VisualStudioVersion = 15.0.27428.2027
MinimumVisualStudioVersion = 10.0.40219.1
Project("{FAE04EC0-301F-11D3-BF4B-00C04F79EFBC}") = "串口调试助手", "串口调试助手\串口调试助手.csproj", "{514E9CB3-BDDB-43A2-A3D2-AC1A2BD5765B}"
EndProject
Project("{54435603-DBB4-11D2-8724-00A0C9A8B90C}") = "串口调试", "串口调试\串口调试.vdproj", "{C960BB29-48E1-499D-B889-EDB53ADBC792}"
EndProject
Global
	GlobalSection(SolutionConfigurationPlatforms) = preSolution
		Debug|Any CPU = Debug|Any CPU
		Debug|x86 = Debug|x86
		Release|Any CPU = Release|Any CPU
		Release|x86 = Release|x86
	EndGlobalSection
	GlobalSection(ProjectConfigurationPlatforms) = postSolution
		{514E9CB3-BDDB-43A2-A3D2-AC1A2BD5765B}.Debug|Any CPU.ActiveCfg = Debug|Any CPU
		{514E9CB3-BDDB-43A2-A3D2-AC1A2BD5765B}.Debug|Any CPU.Build.0 = Debug|Any CPU
		{514E9CB3-BDDB-43A2-A3D2-AC1A2BD5765B}.Debug|x86.ActiveCfg = Debug|x86
		{514E9CB3-BDDB-43A2-A3D2-AC1A2BD5765B}.Debug|x86.Build.0 = Debug|x86
		{514E9CB3-BDDB-43A2-A3D2-AC1A2BD5765B}.Release|Any CPU.ActiveCfg = Release|Any CPU
		{514E9CB3-BDDB-43A2-A3D2-AC1A2BD5765B}.Release|Any CPU.Build.0 = Release|Any CPU
		{514E9CB3-BDDB-43A2-A3D2-AC1A2BD5765B}.Release|x86.ActiveCfg = Release|x86
		{514E9CB3-BDDB-43A2-A3D2-AC1A2BD5765B}.Release|x86.Build.0 = Release|x86
		{C960BB29-48E1-499D-B889-EDB53ADBC792}.Debug|Any CPU.ActiveCfg = Debug
		{C960BB29-48E1-499D-B889-EDB53ADBC792}.Debug|x86.ActiveCfg = Debug
		{C960BB29-48E1-499D-B889-EDB53ADBC792}.Debug|x86.Build.0 = Debug
		{C960BB29-48E1-499D-B889-EDB53ADBC792}.Release|Any CPU.ActiveCfg = Release
		{C960BB29-48E1-499D-B889-EDB53ADBC792}.Release|x86.ActiveCfg = Release
		{C960BB29-48E1-499D-B889-EDB53ADBC792}.Release|x86.Build.0 = Release
	EndGlobalSection
	GlobalSection(SolutionProperties) = preSolution
		HideSolutionNode = FALSE
	EndGlobalSection
	GlobalSection(ExtensibilityGlobals) = postSolution
		SolutionGuid = {CBB6393C-900D-46B4-BFC8-63ADE6A1281A}
	EndGlobalSection
EndGlobal
